
Microsoft Visual Studio Solution File, Format Version 12.00
# Visual Studio Version 17
VisualStudioVersion = 17.7.34202.233
MinimumVisualStudioVersion = 10.0.40219.1
Project("{9A19103F-16F7-4668-BE54-9A1E7A4F7556}") = "ShapesTestLib", "Library\ShapesTestLib.csproj", "{8D5E69F1-F773-4708-86AE-D33B731CEAE2}"
EndProject
Project("{9A19103F-16F7-4668-BE54-9A1E7A4F7556}") = "ExampleProject", "ExampleProject\ExampleProject.csproj", "{059151D1-0D6A-4184-9987-812A5A2E5693}"
EndProject
Project("{FAE04EC0-301F-11D3-BF4B-00C04F79EFBC}") = "ShapesTestLibTests", "ShapesTestLibTests\ShapesTestLibTests.csproj", "{49B820CA-9A2C-4A28-B1D3-70ABB64A7FD7}"
EndProject
Global
	GlobalSection(SolutionConfigurationPlatforms) = preSolution
		Debug|Any CPU = Debug|Any CPU
		Release|Any CPU = Release|Any CPU
	EndGlobalSection
	GlobalSection(ProjectConfigurationPlatforms) = postSolution
		{8D5E69F1-F773-4708-86AE-D33B731CEAE2}.Debug|Any CPU.ActiveCfg = Debug|Any CPU
		{8D5E69F1-F773-4708-86AE-D33B731CEAE2}.Debug|Any CPU.Build.0 = Debug|Any CPU
		{8D5E69F1-F773-4708-86AE-D33B731CEAE2}.Release|Any CPU.ActiveCfg = Release|Any CPU
		{8D5E69F1-F773-4708-86AE-D33B731CEAE2}.Release|Any CPU.Build.0 = Release|Any CPU
		{059151D1-0D6A-4184-9987-812A5A2E5693}.Debug|Any CPU.ActiveCfg = Debug|Any CPU
		{059151D1-0D6A-4184-9987-812A5A2E5693}.Debug|Any CPU.Build.0 = Debug|Any CPU
		{059151D1-0D6A-4184-9987-812A5A2E5693}.Release|Any CPU.ActiveCfg = Release|Any CPU
		{059151D1-0D6A-4184-9987-812A5A2E5693}.Release|Any CPU.Build.0 = Release|Any CPU
		{49B820CA-9A2C-4A28-B1D3-70ABB64A7FD7}.Debug|Any CPU.ActiveCfg = Debug|Any CPU
		{49B820CA-9A2C-4A28-B1D3-70ABB64A7FD7}.Debug|Any CPU.Build.0 = Debug|Any CPU
		{49B820CA-9A2C-4A28-B1D3-70ABB64A7FD7}.Release|Any CPU.ActiveCfg = Release|Any CPU
		{49B820CA-9A2C-4A28-B1D3-70ABB64A7FD7}.Release|Any CPU.Build.0 = Release|Any CPU
	EndGlobalSection
	GlobalSection(SolutionProperties) = preSolution
		HideSolutionNode = FALSE
	EndGlobalSection
	GlobalSection(ExtensibilityGlobals) = postSolution
		SolutionGuid = {9D959D05-BCC7-47E6-85BF-EE23A29EFFA6}
	EndGlobalSection
EndGlobal
